
Microsoft Visual Studio Solution File, Format Version 12.00
# Visual Studio Version 17
VisualStudioVersion = 17.0.31912.275
MinimumVisualStudioVersion = 10.0.40219.1
Project("{FAE04EC0-301F-11D3-BF4B-00C04F79EFBC}") = "MinecraftAutoClicker", "MinecraftAutoClicker\MinecraftAutoClicker.csproj", "{1B32AF69-BCF0-41F4-8A00-F65249801841}"
EndProject
Global
	GlobalSection(SolutionConfigurationPlatforms) = preSolution
		Debug|Any CPU = Debug|Any CPU
		Release|Any CPU = Release|Any CPU
	EndGlobalSection
	GlobalSection(ProjectConfigurationPlatforms) = postSolution
		{1B32AF69-BCF0-41F4-8A00-F65249801841}.Debug|Any CPU.ActiveCfg = Debug|Any CPU
		{1B32AF69-BCF0-41F4-8A00-F65249801841}.Debug|Any CPU.Build.0 = Debug|Any CPU
		{1B32AF69-BCF0-41F4-8A00-F65249801841}.Release|Any CPU.ActiveCfg = Release|Any CPU
		{1B32AF69-BCF0-41F4-8A00-F65249801841}.Release|Any CPU.Build.0 = Release|Any CPU
	EndGlobalSection
	GlobalSection(SolutionProperties) = preSolution
		HideSolutionNode = FALSE
	EndGlobalSection
	GlobalSection(ExtensibilityGlobals) = postSolution
		SolutionGuid = {D6BAD7F5-774A-4571-9846-00E35E08B4D0}
	EndGlobalSection
EndGlobal
